
Microsoft Visual Studio Solution File, Format Version 12.00
# Visual Studio Version 17
VisualStudioVersion = 17.4.33205.214
MinimumVisualStudioVersion = 10.0.40219.1
Project("{9A19103F-16F7-4668-BE54-9A1E7A4F7556}") = "RubikCubeSolverApp", "RubikCubeSolverApp\RubikCubeSolverApp.csproj", "{EAEF0998-C393-404A-A7EA-5EC289920BA7}"
EndProject
Project("{FAE04EC0-301F-11D3-BF4B-00C04F79EFBC}") = "RubikCubeSolverAppTests", "RubikCubeSolverAppTests\RubikCubeSolverAppTests.csproj", "{C49848C3-C373-4D98-9A81-F0C433337CCC}"
EndProject
Global
	GlobalSection(SolutionConfigurationPlatforms) = preSolution
		Debug|Any CPU = Debug|Any CPU
		Release|Any CPU = Release|Any CPU
	EndGlobalSection
	GlobalSection(ProjectConfigurationPlatforms) = postSolution
		{EAEF0998-C393-404A-A7EA-5EC289920BA7}.Debug|Any CPU.ActiveCfg = Debug|Any CPU
		{EAEF0998-C393-404A-A7EA-5EC289920BA7}.Debug|Any CPU.Build.0 = Debug|Any CPU
		{EAEF0998-C393-404A-A7EA-5EC289920BA7}.Release|Any CPU.ActiveCfg = Release|Any CPU
		{EAEF0998-C393-404A-A7EA-5EC289920BA7}.Release|Any CPU.Build.0 = Release|Any CPU
		{C49848C3-C373-4D98-9A81-F0C433337CCC}.Debug|Any CPU.ActiveCfg = Debug|Any CPU
		{C49848C3-C373-4D98-9A81-F0C433337CCC}.Debug|Any CPU.Build.0 = Debug|Any CPU
		{C49848C3-C373-4D98-9A81-F0C433337CCC}.Release|Any CPU.ActiveCfg = Release|Any CPU
		{C49848C3-C373-4D98-9A81-F0C433337CCC}.Release|Any CPU.Build.0 = Release|Any CPU
	EndGlobalSection
	GlobalSection(SolutionProperties) = preSolution
		HideSolutionNode = FALSE
	EndGlobalSection
	GlobalSection(ExtensibilityGlobals) = postSolution
		SolutionGuid = {A5C2B487-DEF3-40D5-B282-38BF7E304431}
	EndGlobalSection
EndGlobal
